
Microsoft Visual Studio Solution File, Format Version 12.00
# Visual Studio Version 17
VisualStudioVersion = 17.4.33205.214
MinimumVisualStudioVersion = 10.0.40219.1
Project("{9A19103F-16F7-4668-BE54-9A1E7A4F7556}") = "MurenoClock", "MurenoClock\MurenoClock.csproj", "{750A2D5F-D8DB-46C7-80AE-6420777BE571}"
EndProject
Project("{FAE04EC0-301F-11D3-BF4B-00C04F79EFBC}") = "DataLayer", "DataLayer\DataLayer.csproj", "{6840B653-D51A-4A1C-8EBE-26EBCCFEFD59}"
EndProject
Project("{FAE04EC0-301F-11D3-BF4B-00C04F79EFBC}") = "BusinessLayer", "BusinessLayer\BusinessLayer.csproj", "{430005F8-7678-4336-9BFC-6BCF378F5E64}"
EndProject
Global
	GlobalSection(SolutionConfigurationPlatforms) = preSolution
		Debug|Any CPU = Debug|Any CPU
		Release|Any CPU = Release|Any CPU
	EndGlobalSection
	GlobalSection(ProjectConfigurationPlatforms) = postSolution
		{750A2D5F-D8DB-46C7-80AE-6420777BE571}.Debug|Any CPU.ActiveCfg = Debug|Any CPU
		{750A2D5F-D8DB-46C7-80AE-6420777BE571}.Debug|Any CPU.Build.0 = Debug|Any CPU
		{750A2D5F-D8DB-46C7-80AE-6420777BE571}.Release|Any CPU.ActiveCfg = Release|Any CPU
		{750A2D5F-D8DB-46C7-80AE-6420777BE571}.Release|Any CPU.Build.0 = Release|Any CPU
		{6840B653-D51A-4A1C-8EBE-26EBCCFEFD59}.Debug|Any CPU.ActiveCfg = Debug|Any CPU
		{6840B653-D51A-4A1C-8EBE-26EBCCFEFD59}.Debug|Any CPU.Build.0 = Debug|Any CPU
		{6840B653-D51A-4A1C-8EBE-26EBCCFEFD59}.Release|Any CPU.ActiveCfg = Release|Any CPU
		{6840B653-D51A-4A1C-8EBE-26EBCCFEFD59}.Release|Any CPU.Build.0 = Release|Any CPU
		{430005F8-7678-4336-9BFC-6BCF378F5E64}.Debug|Any CPU.ActiveCfg = Debug|Any CPU
		{430005F8-7678-4336-9BFC-6BCF378F5E64}.Debug|Any CPU.Build.0 = Debug|Any CPU
		{430005F8-7678-4336-9BFC-6BCF378F5E64}.Release|Any CPU.ActiveCfg = Release|Any CPU
		{430005F8-7678-4336-9BFC-6BCF378F5E64}.Release|Any CPU.Build.0 = Release|Any CPU
	EndGlobalSection
	GlobalSection(SolutionProperties) = preSolution
		HideSolutionNode = FALSE
	EndGlobalSection
	GlobalSection(ExtensibilityGlobals) = postSolution
		SolutionGuid = {ADBF0EDC-3160-4EB8-ADAD-CAF9E139ADF5}
	EndGlobalSection
EndGlobal
